dependencies:
- name: postgresql
  repository: https://charts.bitnami.com/bitnami
  version: 15.5.38
- name: kafka
  repository: https://charts.bitnami.com/bitnami
  version: 30.1.8
- name: kong
  repository: https://charts.konghq.com
  version: 2.52.0
- name: keycloak
  repository: https://charts.bitnami.com/bitnami
  version: 21.8.0
- name: influxdb
  repository: https://charts.bitnami.com/bitnami
  version: 6.6.16
- name: prometheus
  repository: https://charts.bitnami.com/bitnami
  version: 1.4.10
- name: grafana
  repository: https://charts.bitnami.com/bitnami
  version: 10.1.1
- name: redis
  repository: https://charts.bitnami.com/bitnami
  version: 20.13.4
- name: mosquitto
  repository: file://../mosquitto
  version: 0.1.0
- name: flyway-job
  repository: file://../flyway-job
  version: 0.1.0
- name: g2-services
  repository: file://../g2-services
  version: 0.1.0
digest: sha256:cf01ff13def12406d1d1315fc1dd051adb5a33d4fe537e597817d9059f2bd33c
generated: "2026-05-05T18:25:52.374252+05:30"
